
Microsoft Visual Studio Solution File, Format Version 12.00
Project("{FAE04EC0-301F-11D3-BF4B-00C04F79EFBC}") = "HelloWorld", "HelloWorld\HelloWorld.csproj", "{09A59583-A217-48ED-BDBD-6550BAEA5487}"
EndProject
Project("{FAE04EC0-301F-11D3-BF4B-00C04F79EFBC}") = "TestHelloWorld", "TestHelloWorld\TestHelloWorld.csproj", "{A104F92F-1AF1-4229-82D4-B43D1C18CF5B}"
EndProject
Global
	GlobalSection(SolutionConfigurationPlatforms) = preSolution
		Debug|Any CPU = Debug|Any CPU
		Release|Any CPU = Release|Any CPU
	EndGlobalSection
	GlobalSection(ProjectConfigurationPlatforms) = postSolution
		{09A59583-A217-48ED-BDBD-6550BAEA5487}.Debug|Any CPU.ActiveCfg = Debug|Any CPU
		{09A59583-A217-48ED-BDBD-6550BAEA5487}.Debug|Any CPU.Build.0 = Debug|Any CPU
		{09A59583-A217-48ED-BDBD-6550BAEA5487}.Release|Any CPU.ActiveCfg = Release|Any CPU
		{09A59583-A217-48ED-BDBD-6550BAEA5487}.Release|Any CPU.Build.0 = Release|Any CPU
		{A104F92F-1AF1-4229-82D4-B43D1C18CF5B}.Debug|Any CPU.ActiveCfg = Debug|Any CPU
		{A104F92F-1AF1-4229-82D4-B43D1C18CF5B}.Debug|Any CPU.Build.0 = Debug|Any CPU
		{A104F92F-1AF1-4229-82D4-B43D1C18CF5B}.Release|Any CPU.ActiveCfg = Release|Any CPU
		{A104F92F-1AF1-4229-82D4-B43D1C18CF5B}.Release|Any CPU.Build.0 = Release|Any CPU
	EndGlobalSection
EndGlobal
